
Microsoft Visual Studio Solution File, Format Version 12.00
# Visual Studio 15
VisualStudioVersion = 15.0.26730.15
MinimumVisualStudioVersion = 10.0.40219.1
Project("{FAE04EC0-301F-11D3-BF4B-00C04F79EFBC}") = "Clr.Cli", "Clr.Loader\Clr.Cli.csproj", "{61F00F9E-DD0B-447A-B324-BEE30B166A71}"
EndProject
Project("{FAE04EC0-301F-11D3-BF4B-00C04F79EFBC}") = "Clr.Shared", "Clr.Shared\Clr.Shared.csproj", "{4D3FFF28-6E87-416B-BBD8-997E96AA5103}"
EndProject
Project("{FAE04EC0-301F-11D3-BF4B-00C04F79EFBC}") = "Clr.Loader", "Clr.Loader1\Clr.Loader.csproj", "{873D32B9-9D98-409C-92B6-5EE14DF68028}"
EndProject
Global
	GlobalSection(SolutionConfigurationPlatforms) = preSolution
		Debug|Any CPU = Debug|Any CPU
		Release|Any CPU = Release|Any CPU
	EndGlobalSection
	GlobalSection(ProjectConfigurationPlatforms) = postSolution
		{61F00F9E-DD0B-447A-B324-BEE30B166A71}.Debug|Any CPU.ActiveCfg = Debug|Any CPU
		{61F00F9E-DD0B-447A-B324-BEE30B166A71}.Debug|Any CPU.Build.0 = Debug|Any CPU
		{61F00F9E-DD0B-447A-B324-BEE30B166A71}.Release|Any CPU.ActiveCfg = Release|Any CPU
		{61F00F9E-DD0B-447A-B324-BEE30B166A71}.Release|Any CPU.Build.0 = Release|Any CPU
		{4D3FFF28-6E87-416B-BBD8-997E96AA5103}.Debug|Any CPU.ActiveCfg = Debug|Any CPU
		{4D3FFF28-6E87-416B-BBD8-997E96AA5103}.Debug|Any CPU.Build.0 = Debug|Any CPU
		{4D3FFF28-6E87-416B-BBD8-997E96AA5103}.Release|Any CPU.ActiveCfg = Release|Any CPU
		{4D3FFF28-6E87-416B-BBD8-997E96AA5103}.Release|Any CPU.Build.0 = Release|Any CPU
		{873D32B9-9D98-409C-92B6-5EE14DF68028}.Debug|Any CPU.ActiveCfg = Debug|Any CPU
		{873D32B9-9D98-409C-92B6-5EE14DF68028}.Debug|Any CPU.Build.0 = Debug|Any CPU
		{873D32B9-9D98-409C-92B6-5EE14DF68028}.Release|Any CPU.ActiveCfg = Release|Any CPU
		{873D32B9-9D98-409C-92B6-5EE14DF68028}.Release|Any CPU.Build.0 = Release|Any CPU
	EndGlobalSection
	GlobalSection(SolutionProperties) = preSolution
		HideSolutionNode = FALSE
	EndGlobalSection
	GlobalSection(ExtensibilityGlobals) = postSolution
		SolutionGuid = {1880AE64-9603-47CF-B03E-905620E9D73D}
	EndGlobalSection
EndGlobal
